{
  "originHash" : "ebc294dd3b80b070350905e3a6bee0f3dbfb947f2c4ffe0cc80cdee596362850",
  "pins" : [
    {
      "identity" : "hamburgerkit",
      "kind" : "remoteSourceControl",
      "location" : "https://github.com/lingostar/HamburgerKit.git",
      "state" : {
        "revision" : "90b5bd61e3c266b6b8184369bfaf37d4d604aa16",
        "version" : "1.0.0"
      }
    },
    {
      "identity" : "swift-collections",
      "kind" : "remoteSourceControl",
      "location" : "https://github.com/apple/swift-collections.git",
      "state" : {
        "revision" : "a0cb0954ecb21e4e31b0070e6ed5674e8556685a",
        "version" : "1.6.0"
      }
    }
  ],
  "version" : 3
}
